{
    "version": 3,
    "terraform_version": "0.9.3",
    "serial": 23,
    "lineage": "15c46d74-9f09-40b5-a086-55d4839a33a4",
    "modules": [
        {
            "path": [
                "root"
            ],
            "outputs": {
                "ci_ip_address": {
                    "sensitive": false,
                    "type": "string",
                    "value": "107.170.51.87"
                },
                "website_ip_address": {
                    "sensitive": false,
                    "type": "string",
                    "value": "107.170.51.163"
                }
            },
            "resources": {
                "digitalocean_domain.default": {
                    "type": "digitalocean_domain",
                    "depends_on": [
                        "digitalocean_droplet.website"
                    ],
                    "primary": {
                        "id": "www.the-obenes.com",
                        "attributes": {
                            "id": "www.the-obenes.com",
                            "ip_address": "107.170.51.163",
                            "name": "www.the-obenes.com"
                        },
                        "meta": {},
                        "tainted": false
                    },
                    "deposed": [],
                    "provider": ""
                },
                "digitalocean_droplet.ci": {
                    "type": "digitalocean_droplet",
                    "depends_on": [
                        "digitalocean_ssh_key.obenes_key"
                    ],
                    "primary": {
                        "id": "46647533",
                        "attributes": {
                            "disk": "30",
                            "id": "46647533",
                            "image": "centos-7-x64",
                            "ipv4_address": "107.170.51.87",
                            "locked": "false",
                            "name": "ci",
                            "region": "nyc2",
                            "resize_disk": "true",
                            "size": "1gb",
                            "ssh_keys.#": "1",
                            "ssh_keys.0": "da:3d:3e:39:6c:d3:63:20:80:9a:71:03:ad:6b:ed:b6",
                            "status": "active",
                            "tags.#": "0",
                            "vcpus": "1"
                        },
                        "meta": {},
                        "tainted": false
                    },
                    "deposed": [],
                    "provider": ""
                },
                "digitalocean_droplet.website": {
                    "type": "digitalocean_droplet",
                    "depends_on": [
                        "digitalocean_ssh_key.obenes_key"
                    ],
                    "primary": {
                        "id": "46647534",
                        "attributes": {
                            "disk": "30",
                            "id": "46647534",
                            "image": "centos-7-x64",
                            "ipv4_address": "107.170.51.163",
                            "locked": "false",
                            "name": "website",
                            "region": "nyc2",
                            "resize_disk": "true",
                            "size": "1gb",
                            "ssh_keys.#": "1",
                            "ssh_keys.0": "da:3d:3e:39:6c:d3:63:20:80:9a:71:03:ad:6b:ed:b6",
                            "status": "active",
                            "tags.#": "0",
                            "vcpus": "1"
                        },
                        "meta": {},
                        "tainted": false
                    },
                    "deposed": [],
                    "provider": ""
                },
                "digitalocean_ssh_key.obenes_key": {
                    "type": "digitalocean_ssh_key",
                    "depends_on": [],
                    "primary": {
                        "id": "8408301",
                        "attributes": {
                            "fingerprint": "da:3d:3e:39:6c:d3:63:20:80:9a:71:03:ad:6b:ed:b6",
                            "id": "8408301",
                            "name": "obenes_key",
                            "public_key": "ssh-rsa AAAAB3NzaC1yc2EAAAADAQABAAABAQDkLH4xS/UougT+f5ymFO4cUMsgji3ucM87+6UAJ5MtcefNjgTY+PsM07zT68p3Y0awVjkKVCEV+c8N5z19SqOmaU74Vel3+qX0GdgQy7OYkdNklQNQ9WqGjYDQ94HahbqQELu8wCC9k47lUsOXVcwZkOzyiFxHFRJxCWdVusVikhRohjh7XZdyQ2x0WnZhN7iZGC0CcLAGcxig5PmkF6ADM7mYECuLTkgcRtIX+UZqg6N5IhaGhfy1e1ZUvA/GgegXgpu4ZrZeKHgeZX/jIcwED3WXQwc5a3cMyYzWs4B5HB2fc0/F57DgQK+6SqI8L+hbFz5JSF7GA4mKU9A3FmBr jamesony@najamesony.local"
                        },
                        "meta": {},
                        "tainted": false
                    },
                    "deposed": [],
                    "provider": ""
                }
            },
            "depends_on": []
        }
    ]
}
